// !$*UTF8*$!
{
	archiveVersion = 1;
	classes = {
	};
	objectVersion = 50;
	objects = {

/* Begin PBXBuildFile section */
		B61FB7892B064A0300B9ED83 /* MoviesViewController.swift in Sources */ = {isa = PBXBuildFile; fileRef = B61FB7882B064A0300B9ED83 /* MoviesViewController.swift */; };
		B6A04F8F2B0CAC5E00E29FDE /* ViewControllerTests.swift in Sources */ = {isa = PBXBuildFile; fileRef = B6A04F8E2B0CAC5E00E29FDE /* ViewControllerTests.swift */; };
		B6DDE1112AEEC0FF00AE17B8 /* AppDelegate.swift in Sources */ = {isa = PBXBuildFile; fileRef = B6DDE1102AEEC0FF00AE17B8 /* AppDelegate.swift */; };
		B6DDE1132AEEC0FF00AE17B8 /* SceneDelegate.swift in Sources */ = {isa = PBXBuildFile; fileRef = B6DDE1122AEEC0FF00AE17B8 /* SceneDelegate.swift */; };
		B6DDE1182AEEC0FF00AE17B8 /* Main.storyboard in Resources */ = {isa = PBXBuildFile; fileRef = B6DDE1162AEEC0FF00AE17B8 /* Main.storyboard */; };
		B6DDE11A2AEEC10000AE17B8 /* Assets.xcassets in Resources */ = {isa = PBXBuildFile; fileRef = B6DDE1192AEEC10000AE17B8 /* Assets.xcassets */; };
		B6DDE11D2AEEC10000AE17B8 /* LaunchScreen.storyboard in Resources */ = {isa = PBXBuildFile; fileRef = B6DDE11B2AEEC10000AE17B8 /* LaunchScreen.storyboard */; };
/* End PBXBuildFile section */

/* Begin PBXContainerItemProxy section */
		B6A04F852B0CAC2A00E29FDE /* PBXContainerItemProxy */ = {
			isa = PBXContainerItemProxy;
			containerPortal = B6DDE1052AEEC0FF00AE17B8 /* Project object */;
			proxyType = 1;
			remoteGlobalIDString = B6DDE10C2AEEC0FF00AE17B8;
			remoteInfo = Stream;
		};
/* End PBXContainerItemProxy section */

/* Begin PBXFileReference section */
		B61FB7882B064A0300B9ED83 /* MoviesViewController.swift */ = {isa = PBXFileReference; lastKnownFileType = sourcecode.swift; path = MoviesViewController.swift; sourceTree = "<group>"; };
		B6A04F802B0CAC2A00E29FDE /* StreamTests.xctest */ = {isa = PBXFileReference; explicitFileType = wrapper.cfbundle; includeInIndex = 0; path = StreamTests.xctest; sourceTree = BUILT_PRODUCTS_DIR; };
		B6A04F842B0CAC2A00E29FDE /* Info.plist */ = {isa = PBXFileReference; lastKnownFileType = text.plist.xml; path = Info.plist; sourceTree = "<group>"; };
		B6A04F8E2B0CAC5E00E29FDE /* ViewControllerTests.swift */ = {isa = PBXFileReference; lastKnownFileType = sourcecode.swift; path = ViewControllerTests.swift; sourceTree = "<group>"; };
		B6DDE10D2AEEC0FF00AE17B8 /* Stream.app */ = {isa = PBXFileReference; explicitFileType = wrapper.application; includeInIndex = 0; path = Stream.app; sourceTree = BUILT_PRODUCTS_DIR; };
		B6DDE1102AEEC0FF00AE17B8 /* AppDelegate.swift */ = {isa = PBXFileReference; lastKnownFileType = sourcecode.swift; path = AppDelegate.swift; sourceTree = "<group>"; };
		B6DDE1122AEEC0FF00AE17B8 /* SceneDelegate.swift */ = {isa = PBXFileReference; lastKnownFileType = sourcecode.swift; path = SceneDelegate.swift; sourceTree = "<group>"; };
		B6DDE1172AEEC0FF00AE17B8 /* Base */ = {isa = PBXFileReference; lastKnownFileType = file.storyboard; name = Base; path = Base.lproj/Main.storyboard; sourceTree = "<group>"; };
		B6DDE1192AEEC10000AE17B8 /* Assets.xcassets */ = {isa = PBXFileReference; lastKnownFileType = folder.assetcatalog; path = Assets.xcassets; sourceTree = "<group>"; };
		B6DDE11C2AEEC10000AE17B8 /* Base */ = {isa = PBXFileReference; lastKnownFileType = file.storyboard; name = Base; path = Base.lproj/LaunchScreen.storyboard; sourceTree = "<group>"; };
		B6DDE11E2AEEC10000AE17B8 /* Info.plist */ = {isa = PBXFileReference; lastKnownFileType = text.plist.xml; path = Info.plist; sourceTree = "<group>"; };
/* End PBXFileReference section */

/* Begin PBXFrameworksBuildPhase section */
		B6A04F7D2B0CAC2A00E29FDE /* Frameworks */ = {
			isa = PBXFrameworksBuildPhase;
			buildActionMask = 2147483647;
			files = (
			);
			runOnlyForDeploymentPostprocessing = 0;
		};
		B6DDE10A2AEEC0FF00AE17B8 /* Frameworks */ = {
			isa = PBXFrameworksBuildPhase;
			buildActionMask = 2147483647;
			files = (
			);
			runOnlyForDeploymentPostprocessing = 0;
		};
/* End PBXFrameworksBuildPhase section */

/* Begin PBXGroup section */
		B6A04F812B0CAC2A00E29FDE /* StreamTests */ = {
			isa = PBXGroup;
			children = (
				B6A04F8C2B0CAC3B00E29FDE /* Cases */,
				B6A04F842B0CAC2A00E29FDE /* Info.plist */,
			);
			path = StreamTests;
			sourceTree = "<group>";
		};
		B6A04F8C2B0CAC3B00E29FDE /* Cases */ = {
			isa = PBXGroup;
			children = (
				B6A04F8D2B0CAC4200E29FDE /* UI Layer */,
			);
			path = Cases;
			sourceTree = "<group>";
		};
		B6A04F8D2B0CAC4200E29FDE /* UI Layer */ = {
			isa = PBXGroup;
			children = (
				B6A04F8E2B0CAC5E00E29FDE /* ViewControllerTests.swift */,
			);
			path = "UI Layer";
			sourceTree = "<group>";
		};
		B6DDE1042AEEC0FF00AE17B8 = {
			isa = PBXGroup;
			children = (
				B6DDE10F2AEEC0FF00AE17B8 /* Stream */,
				B6A04F812B0CAC2A00E29FDE /* StreamTests */,
				B6DDE10E2AEEC0FF00AE17B8 /* Products */,
			);
			sourceTree = "<group>";
		};
		B6DDE10E2AEEC0FF00AE17B8 /* Products */ = {
			isa = PBXGroup;
			children = (
				B6DDE10D2AEEC0FF00AE17B8 /* Stream.app */,
				B6A04F802B0CAC2A00E29FDE /* StreamTests.xctest */,
			);
			name = Products;
			sourceTree = "<group>";
		};
		B6DDE10F2AEEC0FF00AE17B8 /* Stream */ = {
			isa = PBXGroup;
			children = (
				B6DDE1252AEEC13700AE17B8 /* Delegate */,
				B6DDE1282AEEC15B00AE17B8 /* Controllers */,
				B6DDE1272AEEC14700AE17B8 /* Storyboards */,
				B6DDE12A2AEEC16B00AE17B8 /* Resources */,
			);
			path = Stream;
			sourceTree = "<group>";
		};
		B6DDE1252AEEC13700AE17B8 /* Delegate */ = {
			isa = PBXGroup;
			children = (
				B6DDE1102AEEC0FF00AE17B8 /* AppDelegate.swift */,
				B6DDE1122AEEC0FF00AE17B8 /* SceneDelegate.swift */,
			);
			path = Delegate;
			sourceTree = "<group>";
		};
		B6DDE1272AEEC14700AE17B8 /* Storyboards */ = {
			isa = PBXGroup;
			children = (
				B6DDE1162AEEC0FF00AE17B8 /* Main.storyboard */,
				B6DDE11B2AEEC10000AE17B8 /* LaunchScreen.storyboard */,
			);
			path = Storyboards;
			sourceTree = "<group>";
		};
		B6DDE1282AEEC15B00AE17B8 /* Controllers */ = {
			isa = PBXGroup;
			children = (
				B61FB7882B064A0300B9ED83 /* MoviesViewController.swift */,
			);
			path = Controllers;
			sourceTree = "<group>";
		};
		B6DDE12A2AEEC16B00AE17B8 /* Resources */ = {
			isa = PBXGroup;
			children = (
				B6DDE1192AEEC10000AE17B8 /* Assets.xcassets */,
				B6DDE11E2AEEC10000AE17B8 /* Info.plist */,
			);
			path = Resources;
			sourceTree = "<group>";
		};
/* End PBXGroup section */

/* Begin PBXNativeTarget section */
		B6A04F7F2B0CAC2A00E29FDE /* StreamTests */ = {
			isa = PBXNativeTarget;
			buildConfigurationList = B6A04F872B0CAC2A00E29FDE /* Build configuration list for PBXNativeTarget "StreamTests" */;
			buildPhases = (
				B6A04F7C2B0CAC2A00E29FDE /* Sources */,
				B6A04F7D2B0CAC2A00E29FDE /* Frameworks */,
				B6A04F7E2B0CAC2A00E29FDE /* Resources */,
			);
			buildRules = (
			);
			dependencies = (
				B6A04F862B0CAC2A00E29FDE /* PBXTargetDependency */,
			);
			name = StreamTests;
			productName = StreamTests;
			productReference = B6A04F802B0CAC2A00E29FDE /* StreamTests.xctest */;
			productType = "com.apple.product-type.bundle.unit-test";
		};
		B6DDE10C2AEEC0FF00AE17B8 /* Stream */ = {
			isa = PBXNativeTarget;
			buildConfigurationList = B6DDE1212AEEC10000AE17B8 /* Build configuration list for PBXNativeTarget "Stream" */;
			buildPhases = (
				B6DDE1092AEEC0FF00AE17B8 /* Sources */,
				B6DDE10A2AEEC0FF00AE17B8 /* Frameworks */,
				B6DDE10B2AEEC0FF00AE17B8 /* Resources */,
			);
			buildRules = (
			);
			dependencies = (
			);
			name = Stream;
			productName = Stream;
			productReference = B6DDE10D2AEEC0FF00AE17B8 /* Stream.app */;
			productType = "com.apple.product-type.application";
		};
/* End PBXNativeTarget section */

/* Begin PBXProject section */
		B6DDE1052AEEC0FF00AE17B8 /* Project object */ = {
			isa = PBXProject;
			attributes = {
				LastSwiftUpdateCheck = 1240;
				LastUpgradeCheck = 1240;
				TargetAttributes = {
					B6A04F7F2B0CAC2A00E29FDE = {
						CreatedOnToolsVersion = 12.4;
						TestTargetID = B6DDE10C2AEEC0FF00AE17B8;
					};
					B6DDE10C2AEEC0FF00AE17B8 = {
						CreatedOnToolsVersion = 12.4;
					};
				};
			};
			buildConfigurationList = B6DDE1082AEEC0FF00AE17B8 /* Build configuration list for PBXProject "Stream" */;
			compatibilityVersion = "Xcode 9.3";
			developmentRegion = en;
			hasScannedForEncodings = 0;
			knownRegions = (
				en,
				Base,
			);
			mainGroup = B6DDE1042AEEC0FF00AE17B8;
			productRefGroup = B6DDE10E2AEEC0FF00AE17B8 /* Products */;
			projectDirPath = "";
			projectRoot = "";
			targets = (
				B6DDE10C2AEEC0FF00AE17B8 /* Stream */,
				B6A04F7F2B0CAC2A00E29FDE /* StreamTests */,
			);
		};
/* End PBXProject section */

/* Begin PBXResourcesBuildPhase section */
		B6A04F7E2B0CAC2A00E29FDE /* Resources */ = {
			isa = PBXResourcesBuildPhase;
			buildActionMask = 2147483647;
			files = (
			);
			runOnlyForDeploymentPostprocessing = 0;
		};
		B6DDE10B2AEEC0FF00AE17B8 /* Resources */ = {
			isa = PBXResourcesBuildPhase;
			buildActionMask = 2147483647;
			files = (
				B6DDE11D2AEEC10000AE17B8 /* LaunchScreen.storyboard in Resources */,
				B6DDE11A2AEEC10000AE17B8 /* Assets.xcassets in Resources */,
				B6DDE1182AEEC0FF00AE17B8 /* Main.storyboard in Resources */,
			);
			runOnlyForDeploymentPostprocessing = 0;
		};
/* End PBXResourcesBuildPhase section */

/* Begin PBXSourcesBuildPhase section */
		B6A04F7C2B0CAC2A00E29FDE /* Sources */ = {
			isa = PBXSourcesBuildPhase;
			buildActionMask = 2147483647;
			files = (
				B6A04F8F2B0CAC5E00E29FDE /* ViewControllerTests.swift in Sources */,
			);
			runOnlyForDeploymentPostprocessing = 0;
		};
		B6DDE1092AEEC0FF00AE17B8 /* Sources */ = {
			isa = PBXSourcesBuildPhase;
			buildActionMask = 2147483647;
			files = (
				B6DDE1112AEEC0FF00AE17B8 /* AppDelegate.swift in Sources */,
				B6DDE1132AEEC0FF00AE17B8 /* SceneDelegate.swift in Sources */,
				B61FB7892B064A0300B9ED83 /* MoviesViewController.swift in Sources */,
			);
			runOnlyForDeploymentPostprocessing = 0;
		};
/* End PBXSourcesBuildPhase section */

/* Begin PBXTargetDependency section */
		B6A04F862B0CAC2A00E29FDE /* PBXTargetDependency */ = {
			isa = PBXTargetDependency;
			target = B6DDE10C2AEEC0FF00AE17B8 /* Stream */;
			targetProxy = B6A04F852B0CAC2A00E29FDE /* PBXContainerItemProxy */;
		};
/* End PBXTargetDependency section */

/* Begin PBXVariantGroup section */
		B6DDE1162AEEC0FF00AE17B8 /* Main.storyboard */ = {
			isa = PBXVariantGroup;
			children = (
				B6DDE1172AEEC0FF00AE17B8 /* Base */,
			);
			name = Main.storyboard;
			sourceTree = "<group>";
		};
		B6DDE11B2AEEC10000AE17B8 /* LaunchScreen.storyboard */ = {
			isa = PBXVariantGroup;
			children = (
				B6DDE11C2AEEC10000AE17B8 /* Base */,
			);
			name = LaunchScreen.storyboard;
			sourceTree = "<group>";
		};
/* End PBXVariantGroup section */

/* Begin XCBuildConfiguration section */
		B6A04F882B0CAC2A00E29FDE /* Debug */ = {
			isa = XCBuildConfiguration;
			buildSettings = {
				BUNDLE_LOADER = "$(TEST_HOST)";
				CODE_SIGN_STYLE = Automatic;
				DEVELOPMENT_TEAM = 54L66DHDVH;
				INFOPLIST_FILE = StreamTests/Info.plist;
				LD_RUNPATH_SEARCH_PATHS = (
					"$(inherited)",
					"@executable_path/Frameworks",
					"@loader_path/Frameworks",
				);
				PRODUCT_BUNDLE_IDENTIFIER = com.mohsinaliayub.StreamTests;
				PRODUCT_NAME = "$(TARGET_NAME)";
				SWIFT_VERSION = 5.0;
				TARGETED_DEVICE_FAMILY = "1,2";
				TEST_HOST = "$(BUILT_PRODUCTS_DIR)/Stream.app/Stream";
			};
			name = Debug;
		};
		B6A04F892B0CAC2A00E29FDE /* Release */ = {
			isa = XCBuildConfiguration;
			buildSettings = {
				BUNDLE_LOADER = "$(TEST_HOST)";
				CODE_SIGN_STYLE = Automatic;
				DEVELOPMENT_TEAM = 54L66DHDVH;
				INFOPLIST_FILE = StreamTests/Info.plist;
				LD_RUNPATH_SEARCH_PATHS = (
					"$(inherited)",
					"@executable_path/Frameworks",
					"@loader_path/Frameworks",
				);
				PRODUCT_BUNDLE_IDENTIFIER = com.mohsinaliayub.StreamTests;
				PRODUCT_NAME = "$(TARGET_NAME)";
				SWIFT_VERSION = 5.0;
				TARGETED_DEVICE_FAMILY = "1,2";
				TEST_HOST = "$(BUILT_PRODUCTS_DIR)/Stream.app/Stream";
			};
			name = Release;
		};
		B6DDE11F2AEEC10000AE17B8 /* Debug */ = {
			isa = XCBuildConfiguration;
			buildSettings = {
				ALWAYS_SEARCH_USER_PATHS = NO;
				CLANG_ANALYZER_NONNULL = YES;
				CLANG_ANALYZER_NUMBER_OBJECT_CONVERSION = YES_AGGRESSIVE;
				CLANG_CXX_LANGUAGE_STANDARD = "gnu++14";
				CLANG_CXX_LIBRARY = "libc++";
				CLANG_ENABLE_MODULES = YES;
				CLANG_ENABLE_OBJC_ARC = YES;
				CLANG_ENABLE_OBJC_WEAK = YES;
				CLANG_WARN_BLOCK_CAPTURE_AUTORELEASING = YES;
				CLANG_WARN_BOOL_CONVERSION = YES;
				CLANG_WARN_COMMA = YES;
				CLANG_WARN_CONSTANT_CONVERSION = YES;
				CLANG_WARN_DEPRECATED_OBJC_IMPLEMENTATIONS = YES;
				CLANG_WARN_DIRECT_OBJC_ISA_USAGE = YES_ERROR;
				CLANG_WARN_DOCUMENTATION_COMMENTS = YES;
				CLANG_WARN_EMPTY_BODY = YES;
				CLANG_WARN_ENUM_CONVERSION = YES;
				CLANG_WARN_INFINITE_RECURSION = YES;
				CLANG_WARN_INT_CONVERSION = YES;
				CLANG_WARN_NON_LITERAL_NULL_CONVERSION = YES;
				CLANG_WARN_OBJC_IMPLICIT_RETAIN_SELF = YES;
				CLANG_WARN_OBJC_LITERAL_CONVERSION = YES;
				CLANG_WARN_OBJC_ROOT_CLASS = YES_ERROR;
				CLANG_WARN_QUOTED_INCLUDE_IN_FRAMEWORK_HEADER = YES;
				CLANG_WARN_RANGE_LOOP_ANALYSIS = YES;
				CLANG_WARN_STRICT_PROTOTYPES = YES;
				CLANG_WARN_SUSPICIOUS_MOVE = YES;
				CLANG_WARN_UNGUARDED_AVAILABILITY = YES_AGGRESSIVE;
				CLANG_WARN_UNREACHABLE_CODE = YES;
				CLANG_WARN__DUPLICATE_METHOD_MATCH = YES;
				COPY_PHASE_STRIP = NO;
				DEBUG_INFORMATION_FORMAT = dwarf;
				ENABLE_STRICT_OBJC_MSGSEND = YES;
				ENABLE_TESTABILITY = YES;
				GCC_C_LANGUAGE_STANDARD = gnu11;
				GCC_DYNAMIC_NO_PIC = NO;
				GCC_NO_COMMON_BLOCKS = YES;
				GCC_OPTIMIZATION_LEVEL = 0;
				GCC_PREPROCESSOR_DEFINITIONS = (
					"DEBUG=1",
					"$(inherited)",
				);
				GCC_WARN_64_TO_32_BIT_CONVERSION = YES;
				GCC_WARN_ABOUT_RETURN_TYPE = YES_ERROR;
				GCC_WARN_UNDECLARED_SELECTOR = YES;
				GCC_WARN_UNINITIALIZED_AUTOS = YES_AGGRESSIVE;
				GCC_WARN_UNUSED_FUNCTION = YES;
				GCC_WARN_UNUSED_VARIABLE = YES;
				IPHONEOS_DEPLOYMENT_TARGET = 14.4;
				MTL_ENABLE_DEBUG_INFO = INCLUDE_SOURCE;
				MTL_FAST_MATH = YES;
				ONLY_ACTIVE_ARCH = YES;
				SDKROOT = iphoneos;
				SWIFT_ACTIVE_COMPILATION_CONDITIONS = DEBUG;
				SWIFT_OPTIMIZATION_LEVEL = "-Onone";
			};
			name = Debug;
		};
		B6DDE1202AEEC10000AE17B8 /* Release */ = {
			isa = XCBuildConfiguration;
			buildSettings = {
				ALWAYS_SEARCH_USER_PATHS = NO;
				CLANG_ANALYZER_NONNULL = YES;
				CLANG_ANALYZER_NUMBER_OBJECT_CONVERSION = YES_AGGRESSIVE;
				CLANG_CXX_LANGUAGE_STANDARD = "gnu++14";
				CLANG_CXX_LIBRARY = "libc++";
				CLANG_ENABLE_MODULES = YES;
				CLANG_ENABLE_OBJC_ARC = YES;
				CLANG_ENABLE_OBJC_WEAK = YES;
				CLANG_WARN_BLOCK_CAPTURE_AUTORELEASING = YES;
				CLANG_WARN_BOOL_CONVERSION = YES;
				CLANG_WARN_COMMA = YES;
				CLANG_WARN_CONSTANT_CONVERSION = YES;
				CLANG_WARN_DEPRECATED_OBJC_IMPLEMENTATIONS = YES;
				CLANG_WARN_DIRECT_OBJC_ISA_USAGE = YES_ERROR;
				CLANG_WARN_DOCUMENTATION_COMMENTS = YES;
				CLANG_WARN_EMPTY_BODY = YES;
				CLANG_WARN_ENUM_CONVERSION = YES;
				CLANG_WARN_INFINITE_RECURSION = YES;
				CLANG_WARN_INT_CONVERSION = YES;
				CLANG_WARN_NON_LITERAL_NULL_CONVERSION = YES;
				CLANG_WARN_OBJC_IMPLICIT_RETAIN_SELF = YES;
				CLANG_WARN_OBJC_LITERAL_CONVERSION = YES;
				CLANG_WARN_OBJC_ROOT_CLASS = YES_ERROR;
				CLANG_WARN_QUOTED_INCLUDE_IN_FRAMEWORK_HEADER = YES;
				CLANG_WARN_RANGE_LOOP_ANALYSIS = YES;
				CLANG_WARN_STRICT_PROTOTYPES = YES;
				CLANG_WARN_SUSPICIOUS_MOVE = YES;
				CLANG_WARN_UNGUARDED_AVAILABILITY = YES_AGGRESSIVE;
				CLANG_WARN_UNREACHABLE_CODE = YES;
				CLANG_WARN__DUPLICATE_METHOD_MATCH = YES;
				COPY_PHASE_STRIP = NO;
				DEBUG_INFORMATION_FORMAT = "dwarf-with-dsym";
				ENABLE_NS_ASSERTIONS = NO;
				ENABLE_STRICT_OBJC_MSGSEND = YES;
				GCC_C_LANGUAGE_STANDARD = gnu11;
				GCC_NO_COMMON_BLOCKS = YES;
				GCC_WARN_64_TO_32_BIT_CONVERSION = YES;
				GCC_WARN_ABOUT_RETURN_TYPE = YES_ERROR;
				GCC_WARN_UNDECLARED_SELECTOR = YES;
				GCC_WARN_UNINITIALIZED_AUTOS = YES_AGGRESSIVE;
				GCC_WARN_UNUSED_FUNCTION = YES;
				GCC_WARN_UNUSED_VARIABLE = YES;
				IPHONEOS_DEPLOYMENT_TARGET = 14.4;
				MTL_ENABLE_DEBUG_INFO = NO;
				MTL_FAST_MATH = YES;
				SDKROOT = iphoneos;
				SWIFT_COMPILATION_MODE = wholemodule;
				SWIFT_OPTIMIZATION_LEVEL = "-O";
				VALIDATE_PRODUCT = YES;
			};
			name = Release;
		};
		B6DDE1222AEEC10000AE17B8 /* Debug */ = {
			isa = XCBuildConfiguration;
			buildSettings = {
				ASSETCATALOG_COMPILER_APPICON_NAME = AppIcon;
				ASSETCATALOG_COMPILER_GLOBAL_ACCENT_COLOR_NAME = AccentColor;
				CODE_SIGN_STYLE = Automatic;
				DEVELOPMENT_TEAM = 54L66DHDVH;
				INFOPLIST_FILE = Stream/Resources/Info.plist;
				LD_RUNPATH_SEARCH_PATHS = (
					"$(inherited)",
					"@executable_path/Frameworks",
				);
				PRODUCT_BUNDLE_IDENTIFIER = com.mohsinaliayub.Stream;
				PRODUCT_NAME = "$(TARGET_NAME)";
				SWIFT_VERSION = 5.0;
				TARGETED_DEVICE_FAMILY = "1,2";
			};
			name = Debug;
		};
		B6DDE1232AEEC10000AE17B8 /* Release */ = {
			isa = XCBuildConfiguration;
			buildSettings = {
				ASSETCATALOG_COMPILER_APPICON_NAME = AppIcon;
				ASSETCATALOG_COMPILER_GLOBAL_ACCENT_COLOR_NAME = AccentColor;
				CODE_SIGN_STYLE = Automatic;
				DEVELOPMENT_TEAM = 54L66DHDVH;
				INFOPLIST_FILE = Stream/Resources/Info.plist;
				LD_RUNPATH_SEARCH_PATHS = (
					"$(inherited)",
					"@executable_path/Frameworks",
				);
				PRODUCT_BUNDLE_IDENTIFIER = com.mohsinaliayub.Stream;
				PRODUCT_NAME = "$(TARGET_NAME)";
				SWIFT_VERSION = 5.0;
				TARGETED_DEVICE_FAMILY = "1,2";
			};
			name = Release;
		};
/* End XCBuildConfiguration section */

/* Begin XCConfigurationList section */
		B6A04F872B0CAC2A00E29FDE /* Build configuration list for PBXNativeTarget "StreamTests" */ = {
			isa = XCConfigurationList;
			buildConfigurations = (
				B6A04F882B0CAC2A00E29FDE /* Debug */,
				B6A04F892B0CAC2A00E29FDE /* Release */,
			);
			defaultConfigurationIsVisible = 0;
			defaultConfigurationName = Release;
		};
		B6DDE1082AEEC0FF00AE17B8 /* Build configuration list for PBXProject "Stream" */ = {
			isa = XCConfigurationList;
			buildConfigurations = (
				B6DDE11F2AEEC10000AE17B8 /* Debug */,
				B6DDE1202AEEC10000AE17B8 /* Release */,
			);
			defaultConfigurationIsVisible = 0;
			defaultConfigurationName = Release;
		};
		B6DDE1212AEEC10000AE17B8 /* Build configuration list for PBXNativeTarget "Stream" */ = {
			isa = XCConfigurationList;
			buildConfigurations = (
				B6DDE1222AEEC10000AE17B8 /* Debug */,
				B6DDE1232AEEC10000AE17B8 /* Release */,
			);
			defaultConfigurationIsVisible = 0;
			defaultConfigurationName = Release;
		};
/* End XCConfigurationList section */
	};
	rootObject = B6DDE1052AEEC0FF00AE17B8 /* Project object */;
}
